{
  "name": "couchgenerator",
  "version": "0.4.0",
  "lockfileVersion": 2,
  "requires": true,
  "packages": {
    "": {
      "name": "couchgenerator",
      "version": "0.4.0",
      "license": "Apache-2.0",
      "dependencies": {
        "ccurllib": "^3.0.1",
        "datamaker": "^1.0.0"
      },
      "bin": {
        "couchgenerator": "bin/couchgenerator.bin.js"
      }
    },
    "node_modules/ccurllib": {
      "version": "3.0.1",
      "resolved": "https://registry.npmjs.org/ccurllib/-/ccurllib-3.0.1.tgz",
      "integrity": "sha512-W4Qb8bi1V8/ShLAlP1PzU2txb2KgA6/Knq519jgqX/1WAwCb16HoMrMBuWROzrXP3L+1tDhBbb6lH9CxMOkBrg=="
    },
    "node_modules/datamaker": {
      "version": "1.0.0",
      "resolved": "https://registry.npmjs.org/datamaker/-/datamaker-1.0.0.tgz",
      "integrity": "sha512-T8An5F61a74KdAGeb8x5VACMrUqnKs+RuyABaOY/O/IcfFelR7iGpg3oIYUnA78Dsp0hB8d7dE9N1tfyKusN/A==",
      "dependencies": {
        "kuuid": "^1.0.3"
      },
      "bin": {
        "datamaker": "bin/datamaker.bin.js"
      },
      "engines": {
        "node": ">16.17.0"
      }
    },
    "node_modules/kuuid": {
      "version": "1.0.3",
      "resolved": "https://registry.npmjs.org/kuuid/-/kuuid-1.0.3.tgz",
      "integrity": "sha512-2XPG8+ikWFWdYEZYcEK1P1wiD9AmHQ6Eknu8G3fPukue9FDpPA+B4vdmt33ATrKAWhto1OANgEtQdxXHGjl4ng==",
      "engines": {
        "node": ">=16.0.0"
      }
    }
  },
  "dependencies": {
    "ccurllib": {
      "version": "3.0.1",
      "resolved": "https://registry.npmjs.org/ccurllib/-/ccurllib-3.0.1.tgz",
      "integrity": "sha512-W4Qb8bi1V8/ShLAlP1PzU2txb2KgA6/Knq519jgqX/1WAwCb16HoMrMBuWROzrXP3L+1tDhBbb6lH9CxMOkBrg=="
    },
    "datamaker": {
      "version": "1.0.0",
      "resolved": "https://registry.npmjs.org/datamaker/-/datamaker-1.0.0.tgz",
      "integrity": "sha512-T8An5F61a74KdAGeb8x5VACMrUqnKs+RuyABaOY/O/IcfFelR7iGpg3oIYUnA78Dsp0hB8d7dE9N1tfyKusN/A==",
      "requires": {
        "kuuid": "^1.0.3"
      }
    },
    "kuuid": {
      "version": "1.0.3",
      "resolved": "https://registry.npmjs.org/kuuid/-/kuuid-1.0.3.tgz",
      "integrity": "sha512-2XPG8+ikWFWdYEZYcEK1P1wiD9AmHQ6Eknu8G3fPukue9FDpPA+B4vdmt33ATrKAWhto1OANgEtQdxXHGjl4ng=="
    }
  }
}
