{
  "name": "couchgenerator",
  "version": "1.0.0",
  "lockfileVersion": 2,
  "requires": true,
  "packages": {
    "": {
      "name": "couchgenerator",
      "version": "1.0.0",
      "license": "Apache-2.0",
      "dependencies": {
        "ccurllib": "^4.0.1",
        "datamaker": "^2.0.0"
      },
      "bin": {
        "couchgenerator": "bin/couchgenerator.bin.js"
      }
    },
    "node_modules/ccurllib": {
      "version": "4.0.1",
      "resolved": "https://registry.npmjs.org/ccurllib/-/ccurllib-4.0.1.tgz",
      "integrity": "sha512-NzyOZJin6QwzlNkbT8rTTwlVSXBvI8qZ8w9iZlIf56bRy3QYLDgnCcjSbCZ+4rvjFnRRzndiTryQ506a420k0w==",
      "license": "Apache-2.0"
    },
    "node_modules/datamaker": {
      "version": "2.0.0",
      "resolved": "https://registry.npmjs.org/datamaker/-/datamaker-2.0.0.tgz",
      "integrity": "sha512-DpPFhL4Gs2bB3LZj58O/sm6RQuI52U5BKWMCHT+3tnIBCNz2lqufDL6fV+H29ayxyWXEqX13Gbrq3OWiRyDzDQ==",
      "license": "Apache-2.0",
      "dependencies": {
        "kuuid": "^2.0.0"
      },
      "bin": {
        "datamaker": "bin/datamaker.bin.js"
      }
    },
    "node_modules/kuuid": {
      "version": "2.0.0",
      "resolved": "https://registry.npmjs.org/kuuid/-/kuuid-2.0.0.tgz",
      "integrity": "sha512-flP5gVlcDPqcFwLahJtS+oxJWEE2Ogr965X3Cp0lkPls47WyrAQ4w9VH8oSA8WinsUa+q902Bc2GzUPaLKurHg==",
      "license": "Apache-2.0"
    }
  },
  "dependencies": {
    "ccurllib": {
      "version": "4.0.1",
      "resolved": "https://registry.npmjs.org/ccurllib/-/ccurllib-4.0.1.tgz",
      "integrity": "sha512-NzyOZJin6QwzlNkbT8rTTwlVSXBvI8qZ8w9iZlIf56bRy3QYLDgnCcjSbCZ+4rvjFnRRzndiTryQ506a420k0w=="
    },
    "datamaker": {
      "version": "2.0.0",
      "resolved": "https://registry.npmjs.org/datamaker/-/datamaker-2.0.0.tgz",
      "integrity": "sha512-DpPFhL4Gs2bB3LZj58O/sm6RQuI52U5BKWMCHT+3tnIBCNz2lqufDL6fV+H29ayxyWXEqX13Gbrq3OWiRyDzDQ==",
      "requires": {
        "kuuid": "^2.0.0"
      }
    },
    "kuuid": {
      "version": "2.0.0",
      "resolved": "https://registry.npmjs.org/kuuid/-/kuuid-2.0.0.tgz",
      "integrity": "sha512-flP5gVlcDPqcFwLahJtS+oxJWEE2Ogr965X3Cp0lkPls47WyrAQ4w9VH8oSA8WinsUa+q902Bc2GzUPaLKurHg=="
    }
  }
}
